
Microsoft Visual Studio Solution File, Format Version 12.00
# Visual Studio Version 17
VisualStudioVersion = 17.3.32922.545
MinimumVisualStudioVersion = 10.0.40219.1
Project("{FAE04EC0-301F-11D3-BF4B-00C04F79EFBC}") = "EstoquePizzaria", "EstoquePizzaria\EstoquePizzaria.csproj", "{D68918C1-BD3E-4127-867D-C7DAF88DCD04}"
EndProject
Global
	GlobalSection(SolutionConfigurationPlatforms) = preSolution
		Debug|Any CPU = Debug|Any CPU
		Release|Any CPU = Release|Any CPU
	EndGlobalSection
	GlobalSection(ProjectConfigurationPlatforms) = postSolution
		{D68918C1-BD3E-4127-867D-C7DAF88DCD04}.Debug|Any CPU.ActiveCfg = Debug|Any CPU
		{D68918C1-BD3E-4127-867D-C7DAF88DCD04}.Debug|Any CPU.Build.0 = Debug|Any CPU
		{D68918C1-BD3E-4127-867D-C7DAF88DCD04}.Release|Any CPU.ActiveCfg = Release|Any CPU
		{D68918C1-BD3E-4127-867D-C7DAF88DCD04}.Release|Any CPU.Build.0 = Release|Any CPU
	EndGlobalSection
	GlobalSection(SolutionProperties) = preSolution
		HideSolutionNode = FALSE
	EndGlobalSection
	GlobalSection(ExtensibilityGlobals) = postSolution
		SolutionGuid = {9BBBC3B9-B5B4-4D77-80FC-1E6F73156ED4}
	EndGlobalSection
EndGlobal
